
Microsoft Visual Studio Solution File, Format Version 12.00
# Visual Studio Version 16
VisualStudioVersion = 16.0.31205.134
MinimumVisualStudioVersion = 10.0.40219.1
Project("{FAE04EC0-301F-11D3-BF4B-00C04F79EFBC}") = "LineageDistributionFromMetadata", "LineageDistributionFromMetadata.csproj", "{B89B6381-AA73-4E76-8E28-DB24EE602601}"
EndProject
Global
	GlobalSection(SolutionConfigurationPlatforms) = preSolution
		Debug|Any CPU = Debug|Any CPU
		Release|Any CPU = Release|Any CPU
	EndGlobalSection
	GlobalSection(ProjectConfigurationPlatforms) = postSolution
		{B89B6381-AA73-4E76-8E28-DB24EE602601}.Debug|Any CPU.ActiveCfg = Debug|Any CPU
		{B89B6381-AA73-4E76-8E28-DB24EE602601}.Debug|Any CPU.Build.0 = Debug|Any CPU
		{B89B6381-AA73-4E76-8E28-DB24EE602601}.Release|Any CPU.ActiveCfg = Release|Any CPU
		{B89B6381-AA73-4E76-8E28-DB24EE602601}.Release|Any CPU.Build.0 = Release|Any CPU
	EndGlobalSection
	GlobalSection(SolutionProperties) = preSolution
		HideSolutionNode = FALSE
	EndGlobalSection
	GlobalSection(ExtensibilityGlobals) = postSolution
		SolutionGuid = {0D59E47F-1E16-4997-A8D2-3E6609C7EB4E}
	EndGlobalSection
EndGlobal
