
Microsoft Visual Studio Solution File, Format Version 12.00
# Visual Studio Version 16
VisualStudioVersion = 16.0.31205.134
MinimumVisualStudioVersion = 10.0.40219.1
Project("{FAE04EC0-301F-11D3-BF4B-00C04F79EFBC}") = "FromMut2Seq(AminoAcidVer)", "FromMut2Seq(AminoAcidVer).csproj", "{D8F12902-07CA-4FCD-B515-7895A27754BC}"
EndProject
Global
	GlobalSection(SolutionConfigurationPlatforms) = preSolution
		Debug|Any CPU = Debug|Any CPU
		Release|Any CPU = Release|Any CPU
	EndGlobalSection
	GlobalSection(ProjectConfigurationPlatforms) = postSolution
		{D8F12902-07CA-4FCD-B515-7895A27754BC}.Debug|Any CPU.ActiveCfg = Debug|Any CPU
		{D8F12902-07CA-4FCD-B515-7895A27754BC}.Debug|Any CPU.Build.0 = Debug|Any CPU
		{D8F12902-07CA-4FCD-B515-7895A27754BC}.Release|Any CPU.ActiveCfg = Release|Any CPU
		{D8F12902-07CA-4FCD-B515-7895A27754BC}.Release|Any CPU.Build.0 = Release|Any CPU
	EndGlobalSection
	GlobalSection(SolutionProperties) = preSolution
		HideSolutionNode = FALSE
	EndGlobalSection
	GlobalSection(ExtensibilityGlobals) = postSolution
		SolutionGuid = {13163D47-AB79-4E49-BD35-2BF086A7E213}
	EndGlobalSection
EndGlobal
